
Microsoft Visual Studio Solution File, Format Version 12.00
# Visual Studio Version 17
VisualStudioVersion = 17.9.34714.143
MinimumVisualStudioVersion = 10.0.40219.1
Project("{2150E333-8FDC-42A3-9474-1A3956D46DE8}") = "Doc", "Doc", "{33785D5B-B804-4B6A-A98D-9BB0462E85C7}"
EndProject
Project("{2150E333-8FDC-42A3-9474-1A3956D46DE8}") = "Src", "Src", "{9E4A06D6-A55A-457F-B6ED-AF86B6DE06DF}"
EndProject
Project("{2150E333-8FDC-42A3-9474-1A3956D46DE8}") = "Test", "Test", "{A1158E9D-8855-43A5-B3F0-DEF08B963A04}"
EndProject
Project("{2150E333-8FDC-42A3-9474-1A3956D46DE8}") = "Core", "Core", "{9F0F63A2-5FD4-4554-94AC-B3289BADE072}"
EndProject
Project("{2150E333-8FDC-42A3-9474-1A3956D46DE8}") = "Infrastructure", "Infrastructure", "{05C53B22-9006-49B9-80F2-A4E38D19A719}"
EndProject
Project("{2150E333-8FDC-42A3-9474-1A3956D46DE8}") = "Presentation", "Presentation", "{03CB660F-CE60-4C39-96AD-F344742150C5}"
EndProject
Project("{2150E333-8FDC-42A3-9474-1A3956D46DE8}") = "Common", "Common", "{F0D073FC-3E85-4F9A-BE13-E0570FF94BFB}"
EndProject
Project("{9A19103F-16F7-4668-BE54-9A1E7A4F7556}") = "Store.Domain", "Store.Domain\Store.Domain.csproj", "{1B7D3837-38D2-4692-A7CA-0418F6335339}"
EndProject
Project("{9A19103F-16F7-4668-BE54-9A1E7A4F7556}") = "Store.Application", "Store.Application\Store.Application.csproj", "{BF1962D3-F102-47B5-A6A0-4F24A3D036E4}"
EndProject
Project("{9A19103F-16F7-4668-BE54-9A1E7A4F7556}") = "Store.Infrastructur", "Store.Infrastructur\Store.Infrastructur.csproj", "{8F631F56-7240-4E48-948F-9839EE22CC57}"
EndProject
Project("{FAE04EC0-301F-11D3-BF4B-00C04F79EFBC}") = "Store.Persistence", "Store.Persistence\Store.Persistence.csproj", "{B3DD7F64-DEDE-40FC-926B-F922EAE9333B}"
EndProject
Project("{FAE04EC0-301F-11D3-BF4B-00C04F79EFBC}") = "Store.Common", "Store.Common\Store.Common.csproj", "{BA99824A-F77D-4D49-BA1E-2D78AD9457DA}"
EndProject
Project("{FAE04EC0-301F-11D3-BF4B-00C04F79EFBC}") = "EndPoint.Site", "EndPoint.Site\EndPoint.Site.csproj", "{7340443E-B109-4AAC-B184-FA561ACB06C0}"
EndProject
Global
	GlobalSection(SolutionConfigurationPlatforms) = preSolution
		Debug|Any CPU = Debug|Any CPU
		Release|Any CPU = Release|Any CPU
	EndGlobalSection
	GlobalSection(ProjectConfigurationPlatforms) = postSolution
		{1B7D3837-38D2-4692-A7CA-0418F6335339}.Debug|Any CPU.ActiveCfg = Debug|Any CPU
		{1B7D3837-38D2-4692-A7CA-0418F6335339}.Debug|Any CPU.Build.0 = Debug|Any CPU
		{1B7D3837-38D2-4692-A7CA-0418F6335339}.Release|Any CPU.ActiveCfg = Release|Any CPU
		{1B7D3837-38D2-4692-A7CA-0418F6335339}.Release|Any CPU.Build.0 = Release|Any CPU
		{BF1962D3-F102-47B5-A6A0-4F24A3D036E4}.Debug|Any CPU.ActiveCfg = Debug|Any CPU
		{BF1962D3-F102-47B5-A6A0-4F24A3D036E4}.Debug|Any CPU.Build.0 = Debug|Any CPU
		{BF1962D3-F102-47B5-A6A0-4F24A3D036E4}.Release|Any CPU.ActiveCfg = Release|Any CPU
		{BF1962D3-F102-47B5-A6A0-4F24A3D036E4}.Release|Any CPU.Build.0 = Release|Any CPU
		{8F631F56-7240-4E48-948F-9839EE22CC57}.Debug|Any CPU.ActiveCfg = Debug|Any CPU
		{8F631F56-7240-4E48-948F-9839EE22CC57}.Debug|Any CPU.Build.0 = Debug|Any CPU
		{8F631F56-7240-4E48-948F-9839EE22CC57}.Release|Any CPU.ActiveCfg = Release|Any CPU
		{8F631F56-7240-4E48-948F-9839EE22CC57}.Release|Any CPU.Build.0 = Release|Any CPU
		{B3DD7F64-DEDE-40FC-926B-F922EAE9333B}.Debug|Any CPU.ActiveCfg = Debug|Any CPU
		{B3DD7F64-DEDE-40FC-926B-F922EAE9333B}.Debug|Any CPU.Build.0 = Debug|Any CPU
		{B3DD7F64-DEDE-40FC-926B-F922EAE9333B}.Release|Any CPU.ActiveCfg = Release|Any CPU
		{B3DD7F64-DEDE-40FC-926B-F922EAE9333B}.Release|Any CPU.Build.0 = Release|Any CPU
		{BA99824A-F77D-4D49-BA1E-2D78AD9457DA}.Debug|Any CPU.ActiveCfg = Debug|Any CPU
		{BA99824A-F77D-4D49-BA1E-2D78AD9457DA}.Debug|Any CPU.Build.0 = Debug|Any CPU
		{BA99824A-F77D-4D49-BA1E-2D78AD9457DA}.Release|Any CPU.ActiveCfg = Release|Any CPU
		{BA99824A-F77D-4D49-BA1E-2D78AD9457DA}.Release|Any CPU.Build.0 = Release|Any CPU
		{7340443E-B109-4AAC-B184-FA561ACB06C0}.Debug|Any CPU.ActiveCfg = Debug|Any CPU
		{7340443E-B109-4AAC-B184-FA561ACB06C0}.Debug|Any CPU.Build.0 = Debug|Any CPU
		{7340443E-B109-4AAC-B184-FA561ACB06C0}.Release|Any CPU.ActiveCfg = Release|Any CPU
		{7340443E-B109-4AAC-B184-FA561ACB06C0}.Release|Any CPU.Build.0 = Release|Any CPU
	EndGlobalSection
	GlobalSection(SolutionProperties) = preSolution
		HideSolutionNode = FALSE
	EndGlobalSection
	GlobalSection(NestedProjects) = preSolution
		{9F0F63A2-5FD4-4554-94AC-B3289BADE072} = {9E4A06D6-A55A-457F-B6ED-AF86B6DE06DF}
		{05C53B22-9006-49B9-80F2-A4E38D19A719} = {9E4A06D6-A55A-457F-B6ED-AF86B6DE06DF}
		{03CB660F-CE60-4C39-96AD-F344742150C5} = {9E4A06D6-A55A-457F-B6ED-AF86B6DE06DF}
		{F0D073FC-3E85-4F9A-BE13-E0570FF94BFB} = {9E4A06D6-A55A-457F-B6ED-AF86B6DE06DF}
		{1B7D3837-38D2-4692-A7CA-0418F6335339} = {9F0F63A2-5FD4-4554-94AC-B3289BADE072}
		{BF1962D3-F102-47B5-A6A0-4F24A3D036E4} = {9F0F63A2-5FD4-4554-94AC-B3289BADE072}
		{8F631F56-7240-4E48-948F-9839EE22CC57} = {05C53B22-9006-49B9-80F2-A4E38D19A719}
		{B3DD7F64-DEDE-40FC-926B-F922EAE9333B} = {05C53B22-9006-49B9-80F2-A4E38D19A719}
		{BA99824A-F77D-4D49-BA1E-2D78AD9457DA} = {F0D073FC-3E85-4F9A-BE13-E0570FF94BFB}
		{7340443E-B109-4AAC-B184-FA561ACB06C0} = {03CB660F-CE60-4C39-96AD-F344742150C5}
	EndGlobalSection
	GlobalSection(ExtensibilityGlobals) = postSolution
		SolutionGuid = {B47A94AB-AB18-4D82-8DFF-05D9AB8B01AC}
	EndGlobalSection
EndGlobal
